// !$*UTF8*$!
{
	archiveVersion = 1;
	classes = {
	};
	objectVersion = 50;
	objects = {

/* Begin PBXBuildFile section */
		09F0059D2751F55200DE549D /* AppDelegate.swift in Sources */ = {isa = PBXBuildFile; fileRef = 09F0059C2751F55200DE549D /* AppDelegate.swift */; };
		09F0059F2751F55200DE549D /* SceneDelegate.swift in Sources */ = {isa = PBXBuildFile; fileRef = 09F0059E2751F55200DE549D /* SceneDelegate.swift */; };
		09F005A12751F55200DE549D /* TaskListView.swift in Sources */ = {isa = PBXBuildFile; fileRef = 09F005A02751F55200DE549D /* TaskListView.swift */; };
		09F005A32751F55800DE549D /* Assets.xcassets in Resources */ = {isa = PBXBuildFile; fileRef = 09F005A22751F55800DE549D /* Assets.xcassets */; };
		09F005A62751F55800DE549D /* Preview Assets.xcassets in Resources */ = {isa = PBXBuildFile; fileRef = 09F005A52751F55800DE549D /* Preview Assets.xcassets */; };
		09F005A92751F55800DE549D /* LaunchScreen.storyboard in Resources */ = {isa = PBXBuildFile; fileRef = 09F005A72751F55800DE549D /* LaunchScreen.storyboard */; };
		09F005B92751F7FA00DE549D /* TaskManager.swift in Sources */ = {isa = PBXBuildFile; fileRef = 09F005B82751F7FA00DE549D /* TaskManager.swift */; };
		09F005BD2751F82B00DE549D /* NotificationManager.swift in Sources */ = {isa = PBXBuildFile; fileRef = 09F005BC2751F82B00DE549D /* NotificationManager.swift */; };
		09F005C02751F85400DE549D /* TaskPersistenceManager.swift in Sources */ = {isa = PBXBuildFile; fileRef = 09F005BF2751F85400DE549D /* TaskPersistenceManager.swift */; };
		09F005C72751F8FD00DE549D /* CreateTaskView.swift in Sources */ = {isa = PBXBuildFile; fileRef = 09F005C62751F8FD00DE549D /* CreateTaskView.swift */; };
		09F005CD2751F95600DE549D /* Task.swift in Sources */ = {isa = PBXBuildFile; fileRef = 09F005CC2751F95600DE549D /* Task.swift */; };
		09F005D12752109800DE549D /* SliderValue.swift in Sources */ = {isa = PBXBuildFile; fileRef = 09F005D02752109800DE549D /* SliderValue.swift */; };
/* End PBXBuildFile section */

/* Begin PBXFileReference section */
		09F005992751F55200DE549D /* TodoAppSwiftUI.app */ = {isa = PBXFileReference; explicitFileType = wrapper.application; includeInIndex = 0; path = TodoAppSwiftUI.app; sourceTree = BUILT_PRODUCTS_DIR; };
		09F0059C2751F55200DE549D /* AppDelegate.swift */ = {isa = PBXFileReference; lastKnownFileType = sourcecode.swift; path = AppDelegate.swift; sourceTree = "<group>"; };
		09F0059E2751F55200DE549D /* SceneDelegate.swift */ = {isa = PBXFileReference; lastKnownFileType = sourcecode.swift; path = SceneDelegate.swift; sourceTree = "<group>"; };
		09F005A02751F55200DE549D /* TaskListView.swift */ = {isa = PBXFileReference; lastKnownFileType = sourcecode.swift; path = TaskListView.swift; sourceTree = "<group>"; };
		09F005A22751F55800DE549D /* Assets.xcassets */ = {isa = PBXFileReference; lastKnownFileType = folder.assetcatalog; path = Assets.xcassets; sourceTree = "<group>"; };
		09F005A52751F55800DE549D /* Preview Assets.xcassets */ = {isa = PBXFileReference; lastKnownFileType = folder.assetcatalog; path = "Preview Assets.xcassets"; sourceTree = "<group>"; };
		09F005A82751F55800DE549D /* Base */ = {isa = PBXFileReference; lastKnownFileType = file.storyboard; name = Base; path = Base.lproj/LaunchScreen.storyboard; sourceTree = "<group>"; };
		09F005AA2751F55800DE549D /* Info.plist */ = {isa = PBXFileReference; lastKnownFileType = text.plist.xml; path = Info.plist; sourceTree = "<group>"; };
		09F005B82751F7FA00DE549D /* TaskManager.swift */ = {isa = PBXFileReference; lastKnownFileType = sourcecode.swift; path = TaskManager.swift; sourceTree = "<group>"; };
		09F005BC2751F82B00DE549D /* NotificationManager.swift */ = {isa = PBXFileReference; lastKnownFileType = sourcecode.swift; path = NotificationManager.swift; sourceTree = "<group>"; };
		09F005BF2751F85400DE549D /* TaskPersistenceManager.swift */ = {isa = PBXFileReference; lastKnownFileType = sourcecode.swift; path = TaskPersistenceManager.swift; sourceTree = "<group>"; };
		09F005C62751F8FD00DE549D /* CreateTaskView.swift */ = {isa = PBXFileReference; lastKnownFileType = sourcecode.swift; path = CreateTaskView.swift; sourceTree = "<group>"; };
		09F005CC2751F95600DE549D /* Task.swift */ = {isa = PBXFileReference; lastKnownFileType = sourcecode.swift; path = Task.swift; sourceTree = "<group>"; };
		09F005D02752109800DE549D /* SliderValue.swift */ = {isa = PBXFileReference; lastKnownFileType = sourcecode.swift; path = SliderValue.swift; sourceTree = "<group>"; };
/* End PBXFileReference section */

/* Begin PBXFrameworksBuildPhase section */
		09F005962751F55200DE549D /* Frameworks */ = {
			isa = PBXFrameworksBuildPhase;
			buildActionMask = 2147483647;
			files = (
			);
			runOnlyForDeploymentPostprocessing = 0;
		};
/* End PBXFrameworksBuildPhase section */

/* Begin PBXGroup section */
		09F005902751F55200DE549D = {
			isa = PBXGroup;
			children = (
				09F0059B2751F55200DE549D /* TodoAppSwiftUI */,
				09F0059A2751F55200DE549D /* Products */,
			);
			sourceTree = "<group>";
		};
		09F0059A2751F55200DE549D /* Products */ = {
			isa = PBXGroup;
			children = (
				09F005992751F55200DE549D /* TodoAppSwiftUI.app */,
			);
			name = Products;
			sourceTree = "<group>";
		};
		09F0059B2751F55200DE549D /* TodoAppSwiftUI */ = {
			isa = PBXGroup;
			children = (
				09F005B72751F7DB00DE549D /* Managers */,
				09F005B42751F65000DE549D /* Views */,
				09F005B22751F60700DE549D /* Models */,
				09F0059C2751F55200DE549D /* AppDelegate.swift */,
				09F0059E2751F55200DE549D /* SceneDelegate.swift */,
				09F005A22751F55800DE549D /* Assets.xcassets */,
				09F005A72751F55800DE549D /* LaunchScreen.storyboard */,
				09F005AA2751F55800DE549D /* Info.plist */,
				09F005A42751F55800DE549D /* Preview Content */,
			);
			path = TodoAppSwiftUI;
			sourceTree = "<group>";
		};
		09F005A42751F55800DE549D /* Preview Content */ = {
			isa = PBXGroup;
			children = (
				09F005A52751F55800DE549D /* Preview Assets.xcassets */,
			);
			path = "Preview Content";
			sourceTree = "<group>";
		};
		09F005B22751F60700DE549D /* Models */ = {
			isa = PBXGroup;
			children = (
				09F005CC2751F95600DE549D /* Task.swift */,
			);
			path = Models;
			sourceTree = "<group>";
		};
		09F005B42751F65000DE549D /* Views */ = {
			isa = PBXGroup;
			children = (
				09F005A02751F55200DE549D /* TaskListView.swift */,
				09F005C62751F8FD00DE549D /* CreateTaskView.swift */,
			);
			path = Views;
			sourceTree = "<group>";
		};
		09F005B72751F7DB00DE549D /* Managers */ = {
			isa = PBXGroup;
			children = (
				09F005B82751F7FA00DE549D /* TaskManager.swift */,
				09F005BC2751F82B00DE549D /* NotificationManager.swift */,
				09F005BF2751F85400DE549D /* TaskPersistenceManager.swift */,
				09F005D02752109800DE549D /* SliderValue.swift */,
			);
			path = Managers;
			sourceTree = "<group>";
		};
/* End PBXGroup section */

/* Begin PBXNativeTarget section */
		09F005982751F55200DE549D /* TodoAppSwiftUI */ = {
			isa = PBXNativeTarget;
			buildConfigurationList = 09F005AD2751F55800DE549D /* Build configuration list for PBXNativeTarget "TodoAppSwiftUI" */;
			buildPhases = (
				09F005952751F55200DE549D /* Sources */,
				09F005962751F55200DE549D /* Frameworks */,
				09F005972751F55200DE549D /* Resources */,
			);
			buildRules = (
			);
			dependencies = (
			);
			name = TodoAppSwiftUI;
			productName = TodoAppSwiftUI;
			productReference = 09F005992751F55200DE549D /* TodoAppSwiftUI.app */;
			productType = "com.apple.product-type.application";
		};
/* End PBXNativeTarget section */

/* Begin PBXProject section */
		09F005912751F55200DE549D /* Project object */ = {
			isa = PBXProject;
			attributes = {
				LastSwiftUpdateCheck = 1240;
				LastUpgradeCheck = 1240;
				TargetAttributes = {
					09F005982751F55200DE549D = {
						CreatedOnToolsVersion = 12.4;
					};
				};
			};
			buildConfigurationList = 09F005942751F55200DE549D /* Build configuration list for PBXProject "TodoAppSwiftUI" */;
			compatibilityVersion = "Xcode 9.3";
			developmentRegion = en;
			hasScannedForEncodings = 0;
			knownRegions = (
				en,
				Base,
			);
			mainGroup = 09F005902751F55200DE549D;
			productRefGroup = 09F0059A2751F55200DE549D /* Products */;
			projectDirPath = "";
			projectRoot = "";
			targets = (
				09F005982751F55200DE549D /* TodoAppSwiftUI */,
			);
		};
/* End PBXProject section */

/* Begin PBXResourcesBuildPhase section */
		09F005972751F55200DE549D /* Resources */ = {
			isa = PBXResourcesBuildPhase;
			buildActionMask = 2147483647;
			files = (
				09F005A92751F55800DE549D /* LaunchScreen.storyboard in Resources */,
				09F005A62751F55800DE549D /* Preview Assets.xcassets in Resources */,
				09F005A32751F55800DE549D /* Assets.xcassets in Resources */,
			);
			runOnlyForDeploymentPostprocessing = 0;
		};
/* End PBXResourcesBuildPhase section */

/* Begin PBXSourcesBuildPhase section */
		09F005952751F55200DE549D /* Sources */ = {
			isa = PBXSourcesBuildPhase;
			buildActionMask = 2147483647;
			files = (
				09F005C02751F85400DE549D /* TaskPersistenceManager.swift in Sources */,
				09F005C72751F8FD00DE549D /* CreateTaskView.swift in Sources */,
				09F0059D2751F55200DE549D /* AppDelegate.swift in Sources */,
				09F0059F2751F55200DE549D /* SceneDelegate.swift in Sources */,
				09F005CD2751F95600DE549D /* Task.swift in Sources */,
				09F005D12752109800DE549D /* SliderValue.swift in Sources */,
				09F005BD2751F82B00DE549D /* NotificationManager.swift in Sources */,
				09F005B92751F7FA00DE549D /* TaskManager.swift in Sources */,
				09F005A12751F55200DE549D /* TaskListView.swift in Sources */,
			);
			runOnlyForDeploymentPostprocessing = 0;
		};
/* End PBXSourcesBuildPhase section */

/* Begin PBXVariantGroup section */
		09F005A72751F55800DE549D /* LaunchScreen.storyboard */ = {
			isa = PBXVariantGroup;
			children = (
				09F005A82751F55800DE549D /* Base */,
			);
			name = LaunchScreen.storyboard;
			sourceTree = "<group>";
		};
/* End PBXVariantGroup section */

/* Begin XCBuildConfiguration section */
		09F005AB2751F55800DE549D /* Debug */ = {
			isa = XCBuildConfiguration;
			buildSettings = {
				ALWAYS_SEARCH_USER_PATHS = NO;
				CLANG_ANALYZER_NONNULL = YES;
				CLANG_ANALYZER_NUMBER_OBJECT_CONVERSION = YES_AGGRESSIVE;
				CLANG_CXX_LANGUAGE_STANDARD = "gnu++14";
				CLANG_CXX_LIBRARY = "libc++";
				CLANG_ENABLE_MODULES = YES;
				CLANG_ENABLE_OBJC_ARC = YES;
				CLANG_ENABLE_OBJC_WEAK = YES;
				CLANG_WARN_BLOCK_CAPTURE_AUTORELEASING = YES;
				CLANG_WARN_BOOL_CONVERSION = YES;
				CLANG_WARN_COMMA = YES;
				CLANG_WARN_CONSTANT_CONVERSION = YES;
				CLANG_WARN_DEPRECATED_OBJC_IMPLEMENTATIONS = YES;
				CLANG_WARN_DIRECT_OBJC_ISA_USAGE = YES_ERROR;
				CLANG_WARN_DOCUMENTATION_COMMENTS = YES;
				CLANG_WARN_EMPTY_BODY = YES;
				CLANG_WARN_ENUM_CONVERSION = YES;
				CLANG_WARN_INFINITE_RECURSION = YES;
				CLANG_WARN_INT_CONVERSION = YES;
				CLANG_WARN_NON_LITERAL_NULL_CONVERSION = YES;
				CLANG_WARN_OBJC_IMPLICIT_RETAIN_SELF = YES;
				CLANG_WARN_OBJC_LITERAL_CONVERSION = YES;
				CLANG_WARN_OBJC_ROOT_CLASS = YES_ERROR;
				CLANG_WARN_QUOTED_INCLUDE_IN_FRAMEWORK_HEADER = YES;
				CLANG_WARN_RANGE_LOOP_ANALYSIS = YES;
				CLANG_WARN_STRICT_PROTOTYPES = YES;
				CLANG_WARN_SUSPICIOUS_MOVE = YES;
				CLANG_WARN_UNGUARDED_AVAILABILITY = YES_AGGRESSIVE;
				CLANG_WARN_UNREACHABLE_CODE = YES;
				CLANG_WARN__DUPLICATE_METHOD_MATCH = YES;
				COPY_PHASE_STRIP = NO;
				DEBUG_INFORMATION_FORMAT = dwarf;
				ENABLE_STRICT_OBJC_MSGSEND = YES;
				ENABLE_TESTABILITY = YES;
				GCC_C_LANGUAGE_STANDARD = gnu11;
				GCC_DYNAMIC_NO_PIC = NO;
				GCC_NO_COMMON_BLOCKS = YES;
				GCC_OPTIMIZATION_LEVEL = 0;
				GCC_PREPROCESSOR_DEFINITIONS = (
					"DEBUG=1",
					"$(inherited)",
				);
				GCC_WARN_64_TO_32_BIT_CONVERSION = YES;
				GCC_WARN_ABOUT_RETURN_TYPE = YES_ERROR;
				GCC_WARN_UNDECLARED_SELECTOR = YES;
				GCC_WARN_UNINITIALIZED_AUTOS = YES_AGGRESSIVE;
				GCC_WARN_UNUSED_FUNCTION = YES;
				GCC_WARN_UNUSED_VARIABLE = YES;
				IPHONEOS_DEPLOYMENT_TARGET = 14.4;
				MTL_ENABLE_DEBUG_INFO = INCLUDE_SOURCE;
				MTL_FAST_MATH = YES;
				ONLY_ACTIVE_ARCH = YES;
				SDKROOT = iphoneos;
				SWIFT_ACTIVE_COMPILATION_CONDITIONS = DEBUG;
				SWIFT_OPTIMIZATION_LEVEL = "-Onone";
			};
			name = Debug;
		};
		09F005AC2751F55800DE549D /* Release */ = {
			isa = XCBuildConfiguration;
			buildSettings = {
				ALWAYS_SEARCH_USER_PATHS = NO;
				CLANG_ANALYZER_NONNULL = YES;
				CLANG_ANALYZER_NUMBER_OBJECT_CONVERSION = YES_AGGRESSIVE;
				CLANG_CXX_LANGUAGE_STANDARD = "gnu++14";
				CLANG_CXX_LIBRARY = "libc++";
				CLANG_ENABLE_MODULES = YES;
				CLANG_ENABLE_OBJC_ARC = YES;
				CLANG_ENABLE_OBJC_WEAK = YES;
				CLANG_WARN_BLOCK_CAPTURE_AUTORELEASING = YES;
				CLANG_WARN_BOOL_CONVERSION = YES;
				CLANG_WARN_COMMA = YES;
				CLANG_WARN_CONSTANT_CONVERSION = YES;
				CLANG_WARN_DEPRECATED_OBJC_IMPLEMENTATIONS = YES;
				CLANG_WARN_DIRECT_OBJC_ISA_USAGE = YES_ERROR;
				CLANG_WARN_DOCUMENTATION_COMMENTS = YES;
				CLANG_WARN_EMPTY_BODY = YES;
				CLANG_WARN_ENUM_CONVERSION = YES;
				CLANG_WARN_INFINITE_RECURSION = YES;
				CLANG_WARN_INT_CONVERSION = YES;
				CLANG_WARN_NON_LITERAL_NULL_CONVERSION = YES;
				CLANG_WARN_OBJC_IMPLICIT_RETAIN_SELF = YES;
				CLANG_WARN_OBJC_LITERAL_CONVERSION = YES;
				CLANG_WARN_OBJC_ROOT_CLASS = YES_ERROR;
				CLANG_WARN_QUOTED_INCLUDE_IN_FRAMEWORK_HEADER = YES;
				CLANG_WARN_RANGE_LOOP_ANALYSIS = YES;
				CLANG_WARN_STRICT_PROTOTYPES = YES;
				CLANG_WARN_SUSPICIOUS_MOVE = YES;
				CLANG_WARN_UNGUARDED_AVAILABILITY = YES_AGGRESSIVE;
				CLANG_WARN_UNREACHABLE_CODE = YES;
				CLANG_WARN__DUPLICATE_METHOD_MATCH = YES;
				COPY_PHASE_STRIP = NO;
				DEBUG_INFORMATION_FORMAT = "dwarf-with-dsym";
				ENABLE_NS_ASSERTIONS = NO;
				ENABLE_STRICT_OBJC_MSGSEND = YES;
				GCC_C_LANGUAGE_STANDARD = gnu11;
				GCC_NO_COMMON_BLOCKS = YES;
				GCC_WARN_64_TO_32_BIT_CONVERSION = YES;
				GCC_WARN_ABOUT_RETURN_TYPE = YES_ERROR;
				GCC_WARN_UNDECLARED_SELECTOR = YES;
				GCC_WARN_UNINITIALIZED_AUTOS = YES_AGGRESSIVE;
				GCC_WARN_UNUSED_FUNCTION = YES;
				GCC_WARN_UNUSED_VARIABLE = YES;
				IPHONEOS_DEPLOYMENT_TARGET = 14.4;
				MTL_ENABLE_DEBUG_INFO = NO;
				MTL_FAST_MATH = YES;
				SDKROOT = iphoneos;
				SWIFT_COMPILATION_MODE = wholemodule;
				SWIFT_OPTIMIZATION_LEVEL = "-O";
				VALIDATE_PRODUCT = YES;
			};
			name = Release;
		};
		09F005AE2751F55800DE549D /* Debug */ = {
			isa = XCBuildConfiguration;
			buildSettings = {
				ASSETCATALOG_COMPILER_APPICON_NAME = AppIcon;
				ASSETCATALOG_COMPILER_GLOBAL_ACCENT_COLOR_NAME = AccentColor;
				CODE_SIGN_STYLE = Automatic;
				DEVELOPMENT_ASSET_PATHS = "\"TodoAppSwiftUI/Preview Content\"";
				DEVELOPMENT_TEAM = N7DS88P2MJ;
				ENABLE_PREVIEWS = YES;
				INFOPLIST_FILE = TodoAppSwiftUI/Info.plist;
				LD_RUNPATH_SEARCH_PATHS = (
					"$(inherited)",
					"@executable_path/Frameworks",
				);
				PRODUCT_BUNDLE_IDENTIFIER = SHREENATHJI.COM.TodoAppSwiftUI;
				PRODUCT_NAME = "$(TARGET_NAME)";
				SWIFT_VERSION = 5.0;
				TARGETED_DEVICE_FAMILY = "1,2";
			};
			name = Debug;
		};
		09F005AF2751F55800DE549D /* Release */ = {
			isa = XCBuildConfiguration;
			buildSettings = {
				ASSETCATALOG_COMPILER_APPICON_NAME = AppIcon;
				ASSETCATALOG_COMPILER_GLOBAL_ACCENT_COLOR_NAME = AccentColor;
				CODE_SIGN_STYLE = Automatic;
				DEVELOPMENT_ASSET_PATHS = "\"TodoAppSwiftUI/Preview Content\"";
				DEVELOPMENT_TEAM = N7DS88P2MJ;
				ENABLE_PREVIEWS = YES;
				INFOPLIST_FILE = TodoAppSwiftUI/Info.plist;
				LD_RUNPATH_SEARCH_PATHS = (
					"$(inherited)",
					"@executable_path/Frameworks",
				);
				PRODUCT_BUNDLE_IDENTIFIER = SHREENATHJI.COM.TodoAppSwiftUI;
				PRODUCT_NAME = "$(TARGET_NAME)";
				SWIFT_VERSION = 5.0;
				TARGETED_DEVICE_FAMILY = "1,2";
			};
			name = Release;
		};
/* End XCBuildConfiguration section */

/* Begin XCConfigurationList section */
		09F005942751F55200DE549D /* Build configuration list for PBXProject "TodoAppSwiftUI" */ = {
			isa = XCConfigurationList;
			buildConfigurations = (
				09F005AB2751F55800DE549D /* Debug */,
				09F005AC2751F55800DE549D /* Release */,
			);
			defaultConfigurationIsVisible = 0;
			defaultConfigurationName = Release;
		};
		09F005AD2751F55800DE549D /* Build configuration list for PBXNativeTarget "TodoAppSwiftUI" */ = {
			isa = XCConfigurationList;
			buildConfigurations = (
				09F005AE2751F55800DE549D /* Debug */,
				09F005AF2751F55800DE549D /* Release */,
			);
			defaultConfigurationIsVisible = 0;
			defaultConfigurationName = Release;
		};
/* End XCConfigurationList section */
	};
	rootObject = 09F005912751F55200DE549D /* Project object */;
}
